
Microsoft Visual Studio Solution File, Format Version 11.00
# Visual Studio 2010
Project("{FAE04EC0-301F-11D3-BF4B-00C04F79EFBC}") = "WebSharing.TopTool", "WebSharing.TopTool\WebSharing.TopTool.csproj", "{89CEE365-2573-48C1-8FF1-7309ADFA55CB}"
EndProject
Project("{FAE04EC0-301F-11D3-BF4B-00C04F79EFBC}") = "TopSite", "TopSite\TopSite.csproj", "{6482C6F8-1F5A-4395-A226-AE8E7F9C96F9}"
EndProject
Project("{FAE04EC0-301F-11D3-BF4B-00C04F79EFBC}") = "TopEntity", "TopArticleEntity\TopEntity.csproj", "{30A77456-5B13-4894-970E-6A53CD0DD964}"
EndProject
Project("{FAE04EC0-301F-11D3-BF4B-00C04F79EFBC}") = "TopLogic", "TopLogic\TopLogic.csproj", "{B02CA3DA-C588-4A63-ABDD-64F1D8EA0D10}"
EndProject
Project("{FAE04EC0-301F-11D3-BF4B-00C04F79EFBC}") = "TopDal", "TopDal\TopDal.csproj", "{36C72A84-BB06-4E7A-B024-5D4FFAAAD8DF}"
EndProject
Project("{FAE04EC0-301F-11D3-BF4B-00C04F79EFBC}") = "TopUtilityTool", "TopUtilityTool\TopUtilityTool.csproj", "{F292D8DE-84D6-465B-BE3C-1CB9562F6719}"
EndProject
Project("{2150E333-8FDC-42A3-9474-1A3956D46DE8}") = "GetTopItem", "GetTopItem", "{C29F36CD-4CF3-49C2-9260-65FABA47D250}"
EndProject
Project("{FAE04EC0-301F-11D3-BF4B-00C04F79EFBC}") = "GetTopItemEntity", "GetTopItemEntity\GetTopItemEntity.csproj", "{C27DF54A-5E87-4598-BA03-5BEC76BF8B07}"
EndProject
Project("{FAE04EC0-301F-11D3-BF4B-00C04F79EFBC}") = "GetTopItemLogic", "GetTopItemLogic\GetTopItemLogic.csproj", "{382F40FD-8E9C-4091-B543-A2E76022F72C}"
	ProjectSection(ProjectDependencies) = postProject
		{6482C6F8-1F5A-4395-A226-AE8E7F9C96F9} = {6482C6F8-1F5A-4395-A226-AE8E7F9C96F9}
	EndProjectSection
EndProject
Project("{FAE04EC0-301F-11D3-BF4B-00C04F79EFBC}") = "GetTopItemWindowsForms", "GetTopItemWindowsForms\GetTopItemWindowsForms.csproj", "{4E8B12DB-D1A8-4431-B5A6-0836A647DB63}"
	ProjectSection(ProjectDependencies) = postProject
		{6482C6F8-1F5A-4395-A226-AE8E7F9C96F9} = {6482C6F8-1F5A-4395-A226-AE8E7F9C96F9}
	EndProjectSection
EndProject
Project("{FAE04EC0-301F-11D3-BF4B-00C04F79EFBC}") = "QQBuySdk", "QQBuySdk\QQBuySdk.csproj", "{0ABE745B-6182-4A37-A454-1E9A3E4B15EA}"
EndProject
Project("{FAE04EC0-301F-11D3-BF4B-00C04F79EFBC}") = "TopSdk", "taobao-sdk-net-online_standard-20130423-source\TopSdk.csproj", "{9C11CAE5-5188-4E71-825B-68FC3135728A}"
EndProject
Global
	GlobalSection(SubversionScc) = preSolution
		Svn-Managed = True
		Manager = AnkhSVN - Subversion Support for Visual Studio
	EndGlobalSection
	GlobalSection(TestCaseManagementSettings) = postSolution
		CategoryFile = TopSolution.vsmdi
	EndGlobalSection
	GlobalSection(SolutionConfigurationPlatforms) = preSolution
		Debug|Any CPU = Debug|Any CPU
		Debug|Mixed Platforms = Debug|Mixed Platforms
		Debug|x86 = Debug|x86
		Release|Any CPU = Release|Any CPU
		Release|Mixed Platforms = Release|Mixed Platforms
		Release|x86 = Release|x86
	EndGlobalSection
	GlobalSection(ProjectConfigurationPlatforms) = postSolution
		{89CEE365-2573-48C1-8FF1-7309ADFA55CB}.Debug|Any CPU.ActiveCfg = Debug|Any CPU
		{89CEE365-2573-48C1-8FF1-7309ADFA55CB}.Debug|Any CPU.Build.0 = Debug|Any CPU
		{89CEE365-2573-48C1-8FF1-7309ADFA55CB}.Debug|Mixed Platforms.ActiveCfg = Debug|Any CPU
		{89CEE365-2573-48C1-8FF1-7309ADFA55CB}.Debug|Mixed Platforms.Build.0 = Debug|Any CPU
		{89CEE365-2573-48C1-8FF1-7309ADFA55CB}.Debug|x86.ActiveCfg = Debug|Any CPU
		{89CEE365-2573-48C1-8FF1-7309ADFA55CB}.Release|Any CPU.ActiveCfg = Release|Any CPU
		{89CEE365-2573-48C1-8FF1-7309ADFA55CB}.Release|Any CPU.Build.0 = Release|Any CPU
		{89CEE365-2573-48C1-8FF1-7309ADFA55CB}.Release|Mixed Platforms.ActiveCfg = Release|Any CPU
		{89CEE365-2573-48C1-8FF1-7309ADFA55CB}.Release|Mixed Platforms.Build.0 = Release|Any CPU
		{89CEE365-2573-48C1-8FF1-7309ADFA55CB}.Release|x86.ActiveCfg = Release|Any CPU
		{6482C6F8-1F5A-4395-A226-AE8E7F9C96F9}.Debug|Any CPU.ActiveCfg = Debug|Any CPU
		{6482C6F8-1F5A-4395-A226-AE8E7F9C96F9}.Debug|Any CPU.Build.0 = Debug|Any CPU
		{6482C6F8-1F5A-4395-A226-AE8E7F9C96F9}.Debug|Mixed Platforms.ActiveCfg = Debug|Any CPU
		{6482C6F8-1F5A-4395-A226-AE8E7F9C96F9}.Debug|Mixed Platforms.Build.0 = Debug|Any CPU
		{6482C6F8-1F5A-4395-A226-AE8E7F9C96F9}.Debug|x86.ActiveCfg = Debug|Any CPU
		{6482C6F8-1F5A-4395-A226-AE8E7F9C96F9}.Release|Any CPU.ActiveCfg = Release|Any CPU
		{6482C6F8-1F5A-4395-A226-AE8E7F9C96F9}.Release|Any CPU.Build.0 = Release|Any CPU
		{6482C6F8-1F5A-4395-A226-AE8E7F9C96F9}.Release|Mixed Platforms.ActiveCfg = Release|Any CPU
		{6482C6F8-1F5A-4395-A226-AE8E7F9C96F9}.Release|Mixed Platforms.Build.0 = Release|Any CPU
		{6482C6F8-1F5A-4395-A226-AE8E7F9C96F9}.Release|x86.ActiveCfg = Release|Any CPU
		{30A77456-5B13-4894-970E-6A53CD0DD964}.Debug|Any CPU.ActiveCfg = Debug|Any CPU
		{30A77456-5B13-4894-970E-6A53CD0DD964}.Debug|Any CPU.Build.0 = Debug|Any CPU
		{30A77456-5B13-4894-970E-6A53CD0DD964}.Debug|Mixed Platforms.ActiveCfg = Debug|Any CPU
		{30A77456-5B13-4894-970E-6A53CD0DD964}.Debug|Mixed Platforms.Build.0 = Debug|Any CPU
		{30A77456-5B13-4894-970E-6A53CD0DD964}.Debug|x86.ActiveCfg = Debug|Any CPU
		{30A77456-5B13-4894-970E-6A53CD0DD964}.Release|Any CPU.ActiveCfg = Release|Any CPU
		{30A77456-5B13-4894-970E-6A53CD0DD964}.Release|Any CPU.Build.0 = Release|Any CPU
		{30A77456-5B13-4894-970E-6A53CD0DD964}.Release|Mixed Platforms.ActiveCfg = Release|Any CPU
		{30A77456-5B13-4894-970E-6A53CD0DD964}.Release|Mixed Platforms.Build.0 = Release|Any CPU
		{30A77456-5B13-4894-970E-6A53CD0DD964}.Release|x86.ActiveCfg = Release|Any CPU
		{B02CA3DA-C588-4A63-ABDD-64F1D8EA0D10}.Debug|Any CPU.ActiveCfg = Debug|Any CPU
		{B02CA3DA-C588-4A63-ABDD-64F1D8EA0D10}.Debug|Any CPU.Build.0 = Debug|Any CPU
		{B02CA3DA-C588-4A63-ABDD-64F1D8EA0D10}.Debug|Mixed Platforms.ActiveCfg = Debug|Any CPU
		{B02CA3DA-C588-4A63-ABDD-64F1D8EA0D10}.Debug|Mixed Platforms.Build.0 = Debug|Any CPU
		{B02CA3DA-C588-4A63-ABDD-64F1D8EA0D10}.Debug|x86.ActiveCfg = Debug|Any CPU
		{B02CA3DA-C588-4A63-ABDD-64F1D8EA0D10}.Release|Any CPU.ActiveCfg = Release|Any CPU
		{B02CA3DA-C588-4A63-ABDD-64F1D8EA0D10}.Release|Any CPU.Build.0 = Release|Any CPU
		{B02CA3DA-C588-4A63-ABDD-64F1D8EA0D10}.Release|Mixed Platforms.ActiveCfg = Release|Any CPU
		{B02CA3DA-C588-4A63-ABDD-64F1D8EA0D10}.Release|Mixed Platforms.Build.0 = Release|Any CPU
		{B02CA3DA-C588-4A63-ABDD-64F1D8EA0D10}.Release|x86.ActiveCfg = Release|Any CPU
		{36C72A84-BB06-4E7A-B024-5D4FFAAAD8DF}.Debug|Any CPU.ActiveCfg = Debug|Any CPU
		{36C72A84-BB06-4E7A-B024-5D4FFAAAD8DF}.Debug|Any CPU.Build.0 = Debug|Any CPU
		{36C72A84-BB06-4E7A-B024-5D4FFAAAD8DF}.Debug|Mixed Platforms.ActiveCfg = Debug|Any CPU
		{36C72A84-BB06-4E7A-B024-5D4FFAAAD8DF}.Debug|Mixed Platforms.Build.0 = Debug|Any CPU
		{36C72A84-BB06-4E7A-B024-5D4FFAAAD8DF}.Debug|x86.ActiveCfg = Debug|Any CPU
		{36C72A84-BB06-4E7A-B024-5D4FFAAAD8DF}.Release|Any CPU.ActiveCfg = Release|Any CPU
		{36C72A84-BB06-4E7A-B024-5D4FFAAAD8DF}.Release|Any CPU.Build.0 = Release|Any CPU
		{36C72A84-BB06-4E7A-B024-5D4FFAAAD8DF}.Release|Mixed Platforms.ActiveCfg = Release|Any CPU
		{36C72A84-BB06-4E7A-B024-5D4FFAAAD8DF}.Release|Mixed Platforms.Build.0 = Release|Any CPU
		{36C72A84-BB06-4E7A-B024-5D4FFAAAD8DF}.Release|x86.ActiveCfg = Release|Any CPU
		{F292D8DE-84D6-465B-BE3C-1CB9562F6719}.Debug|Any CPU.ActiveCfg = Debug|Any CPU
		{F292D8DE-84D6-465B-BE3C-1CB9562F6719}.Debug|Any CPU.Build.0 = Debug|Any CPU
		{F292D8DE-84D6-465B-BE3C-1CB9562F6719}.Debug|Mixed Platforms.ActiveCfg = Debug|Any CPU
		{F292D8DE-84D6-465B-BE3C-1CB9562F6719}.Debug|Mixed Platforms.Build.0 = Debug|Any CPU
		{F292D8DE-84D6-465B-BE3C-1CB9562F6719}.Debug|x86.ActiveCfg = Debug|Any CPU
		{F292D8DE-84D6-465B-BE3C-1CB9562F6719}.Release|Any CPU.ActiveCfg = Release|Any CPU
		{F292D8DE-84D6-465B-BE3C-1CB9562F6719}.Release|Any CPU.Build.0 = Release|Any CPU
		{F292D8DE-84D6-465B-BE3C-1CB9562F6719}.Release|Mixed Platforms.ActiveCfg = Release|Any CPU
		{F292D8DE-84D6-465B-BE3C-1CB9562F6719}.Release|Mixed Platforms.Build.0 = Release|Any CPU
		{F292D8DE-84D6-465B-BE3C-1CB9562F6719}.Release|x86.ActiveCfg = Release|Any CPU
		{C27DF54A-5E87-4598-BA03-5BEC76BF8B07}.Debug|Any CPU.ActiveCfg = Debug|Any CPU
		{C27DF54A-5E87-4598-BA03-5BEC76BF8B07}.Debug|Any CPU.Build.0 = Debug|Any CPU
		{C27DF54A-5E87-4598-BA03-5BEC76BF8B07}.Debug|Mixed Platforms.ActiveCfg = Debug|Any CPU
		{C27DF54A-5E87-4598-BA03-5BEC76BF8B07}.Debug|Mixed Platforms.Build.0 = Debug|Any CPU
		{C27DF54A-5E87-4598-BA03-5BEC76BF8B07}.Debug|x86.ActiveCfg = Debug|Any CPU
		{C27DF54A-5E87-4598-BA03-5BEC76BF8B07}.Release|Any CPU.ActiveCfg = Release|Any CPU
		{C27DF54A-5E87-4598-BA03-5BEC76BF8B07}.Release|Any CPU.Build.0 = Release|Any CPU
		{C27DF54A-5E87-4598-BA03-5BEC76BF8B07}.Release|Mixed Platforms.ActiveCfg = Release|Any CPU
		{C27DF54A-5E87-4598-BA03-5BEC76BF8B07}.Release|Mixed Platforms.Build.0 = Release|Any CPU
		{C27DF54A-5E87-4598-BA03-5BEC76BF8B07}.Release|x86.ActiveCfg = Release|Any CPU
		{382F40FD-8E9C-4091-B543-A2E76022F72C}.Debug|Any CPU.ActiveCfg = Debug|Any CPU
		{382F40FD-8E9C-4091-B543-A2E76022F72C}.Debug|Any CPU.Build.0 = Debug|Any CPU
		{382F40FD-8E9C-4091-B543-A2E76022F72C}.Debug|Mixed Platforms.ActiveCfg = Debug|Any CPU
		{382F40FD-8E9C-4091-B543-A2E76022F72C}.Debug|Mixed Platforms.Build.0 = Debug|Any CPU
		{382F40FD-8E9C-4091-B543-A2E76022F72C}.Debug|x86.ActiveCfg = Debug|Any CPU
		{382F40FD-8E9C-4091-B543-A2E76022F72C}.Release|Any CPU.ActiveCfg = Release|Any CPU
		{382F40FD-8E9C-4091-B543-A2E76022F72C}.Release|Any CPU.Build.0 = Release|Any CPU
		{382F40FD-8E9C-4091-B543-A2E76022F72C}.Release|Mixed Platforms.ActiveCfg = Release|Any CPU
		{382F40FD-8E9C-4091-B543-A2E76022F72C}.Release|Mixed Platforms.Build.0 = Release|Any CPU
		{382F40FD-8E9C-4091-B543-A2E76022F72C}.Release|x86.ActiveCfg = Release|Any CPU
		{4E8B12DB-D1A8-4431-B5A6-0836A647DB63}.Debug|Any CPU.ActiveCfg = Debug|x86
		{4E8B12DB-D1A8-4431-B5A6-0836A647DB63}.Debug|Mixed Platforms.ActiveCfg = Debug|x86
		{4E8B12DB-D1A8-4431-B5A6-0836A647DB63}.Debug|Mixed Platforms.Build.0 = Debug|x86
		{4E8B12DB-D1A8-4431-B5A6-0836A647DB63}.Debug|x86.ActiveCfg = Debug|x86
		{4E8B12DB-D1A8-4431-B5A6-0836A647DB63}.Debug|x86.Build.0 = Debug|x86
		{4E8B12DB-D1A8-4431-B5A6-0836A647DB63}.Release|Any CPU.ActiveCfg = Release|x86
		{4E8B12DB-D1A8-4431-B5A6-0836A647DB63}.Release|Mixed Platforms.ActiveCfg = Release|x86
		{4E8B12DB-D1A8-4431-B5A6-0836A647DB63}.Release|Mixed Platforms.Build.0 = Release|x86
		{4E8B12DB-D1A8-4431-B5A6-0836A647DB63}.Release|x86.ActiveCfg = Release|x86
		{4E8B12DB-D1A8-4431-B5A6-0836A647DB63}.Release|x86.Build.0 = Release|x86
		{0ABE745B-6182-4A37-A454-1E9A3E4B15EA}.Debug|Any CPU.ActiveCfg = Debug|Any CPU
		{0ABE745B-6182-4A37-A454-1E9A3E4B15EA}.Debug|Any CPU.Build.0 = Debug|Any CPU
		{0ABE745B-6182-4A37-A454-1E9A3E4B15EA}.Debug|Mixed Platforms.ActiveCfg = Debug|Any CPU
		{0ABE745B-6182-4A37-A454-1E9A3E4B15EA}.Debug|Mixed Platforms.Build.0 = Debug|Any CPU
		{0ABE745B-6182-4A37-A454-1E9A3E4B15EA}.Debug|x86.ActiveCfg = Debug|Any CPU
		{0ABE745B-6182-4A37-A454-1E9A3E4B15EA}.Release|Any CPU.ActiveCfg = Release|Any CPU
		{0ABE745B-6182-4A37-A454-1E9A3E4B15EA}.Release|Any CPU.Build.0 = Release|Any CPU
		{0ABE745B-6182-4A37-A454-1E9A3E4B15EA}.Release|Mixed Platforms.ActiveCfg = Release|Any CPU
		{0ABE745B-6182-4A37-A454-1E9A3E4B15EA}.Release|Mixed Platforms.Build.0 = Release|Any CPU
		{0ABE745B-6182-4A37-A454-1E9A3E4B15EA}.Release|x86.ActiveCfg = Release|Any CPU
		{9C11CAE5-5188-4E71-825B-68FC3135728A}.Debug|Any CPU.ActiveCfg = Debug|Any CPU
		{9C11CAE5-5188-4E71-825B-68FC3135728A}.Debug|Any CPU.Build.0 = Debug|Any CPU
		{9C11CAE5-5188-4E71-825B-68FC3135728A}.Debug|Mixed Platforms.ActiveCfg = Debug|Any CPU
		{9C11CAE5-5188-4E71-825B-68FC3135728A}.Debug|Mixed Platforms.Build.0 = Debug|Any CPU
		{9C11CAE5-5188-4E71-825B-68FC3135728A}.Debug|x86.ActiveCfg = Debug|Any CPU
		{9C11CAE5-5188-4E71-825B-68FC3135728A}.Release|Any CPU.ActiveCfg = Release|Any CPU
		{9C11CAE5-5188-4E71-825B-68FC3135728A}.Release|Any CPU.Build.0 = Release|Any CPU
		{9C11CAE5-5188-4E71-825B-68FC3135728A}.Release|Mixed Platforms.ActiveCfg = Release|Any CPU
		{9C11CAE5-5188-4E71-825B-68FC3135728A}.Release|Mixed Platforms.Build.0 = Release|Any CPU
		{9C11CAE5-5188-4E71-825B-68FC3135728A}.Release|x86.ActiveCfg = Release|Any CPU
	EndGlobalSection
	GlobalSection(SolutionProperties) = preSolution
		HideSolutionNode = FALSE
	EndGlobalSection
	GlobalSection(NestedProjects) = preSolution
		{C27DF54A-5E87-4598-BA03-5BEC76BF8B07} = {C29F36CD-4CF3-49C2-9260-65FABA47D250}
		{382F40FD-8E9C-4091-B543-A2E76022F72C} = {C29F36CD-4CF3-49C2-9260-65FABA47D250}
		{4E8B12DB-D1A8-4431-B5A6-0836A647DB63} = {C29F36CD-4CF3-49C2-9260-65FABA47D250}
	EndGlobalSection
EndGlobal
